
Microsoft Visual Studio Solution File, Format Version 12.00
# Visual Studio Version 17
VisualStudioVersion = 17.14.36915.13
MinimumVisualStudioVersion = 10.0.40219.1
Project("{FAE04EC0-301F-11D3-BF4B-00C04F79EFBC}") = "MooseCode", "MooseCode\MooseCode.csproj", "{C113A4F0-1BB5-4EDB-B03F-B7983B9D1EA0}"
EndProject
Project("{FAE04EC0-301F-11D3-BF4B-00C04F79EFBC}") = "HyperMoose", "HyperMoose\HyperMoose.csproj", "{A5BFF4DC-C02C-7180-FE49-2FC734F0ECAF}"
EndProject
Project("{2150E333-8FDC-42A3-9474-1A3956D46DE8}") = "Publish", "Publish", "{02EA681E-C7D8-13C7-8484-4AC65E1B71E8}"
	ProjectSection(SolutionItems) = preProject
		installer.iss = installer.iss
		publish-and-build-installer.ps1 = publish-and-build-installer.ps1
	EndProjectSection
EndProject
Global
	GlobalSection(SolutionConfigurationPlatforms) = preSolution
		Debug|Any CPU = Debug|Any CPU
		Release|Any CPU = Release|Any CPU
	EndGlobalSection
	GlobalSection(ProjectConfigurationPlatforms) = postSolution
		{C113A4F0-1BB5-4EDB-B03F-B7983B9D1EA0}.Debug|Any CPU.ActiveCfg = Debug|Any CPU
		{C113A4F0-1BB5-4EDB-B03F-B7983B9D1EA0}.Debug|Any CPU.Build.0 = Debug|Any CPU
		{C113A4F0-1BB5-4EDB-B03F-B7983B9D1EA0}.Release|Any CPU.ActiveCfg = Release|Any CPU
		{C113A4F0-1BB5-4EDB-B03F-B7983B9D1EA0}.Release|Any CPU.Build.0 = Release|Any CPU
		{A5BFF4DC-C02C-7180-FE49-2FC734F0ECAF}.Debug|Any CPU.ActiveCfg = Debug|Any CPU
		{A5BFF4DC-C02C-7180-FE49-2FC734F0ECAF}.Debug|Any CPU.Build.0 = Debug|Any CPU
		{A5BFF4DC-C02C-7180-FE49-2FC734F0ECAF}.Release|Any CPU.ActiveCfg = Release|Any CPU
		{A5BFF4DC-C02C-7180-FE49-2FC734F0ECAF}.Release|Any CPU.Build.0 = Release|Any CPU
	EndGlobalSection
	GlobalSection(SolutionProperties) = preSolution
		HideSolutionNode = FALSE
	EndGlobalSection
	GlobalSection(ExtensibilityGlobals) = postSolution
		SolutionGuid = {4228B19A-FEF7-429A-A99B-A9F7DED1ED6E}
	EndGlobalSection
EndGlobal
